
Microsoft Visual Studio Solution File, Format Version 12.00
# Visual Studio Version 16
VisualStudioVersion = 16.0.30523.141
MinimumVisualStudioVersion = 10.0.40219.1
Project("{FAE04EC0-301F-11D3-BF4B-00C04F79EFBC}") = "RandomVariables", "RandomVariables.csproj", "{D9C7B0F7-1E85-4506-8EE9-E302D86913A6}"
EndProject
Project("{9A19103F-16F7-4668-BE54-9A1E7A4F7556}") = "RandomVariables.Tests", "..\RandomVariables.Tests\RandomVariables.Tests.csproj", "{B36C324C-01B9-4677-BBBC-3236EC614FD9}"
EndProject
Project("{FAE04EC0-301F-11D3-BF4B-00C04F79EFBC}") = "RandomVariablesLibraryNew", "..\RandomVariablesLibraryNew\RandomVariablesLibraryNew.csproj", "{43BEE8B6-6387-4E2C-8056-A1E407FEB44A}"
EndProject
Global
	GlobalSection(SolutionConfigurationPlatforms) = preSolution
		Debug|Any CPU = Debug|Any CPU
		Release|Any CPU = Release|Any CPU
	EndGlobalSection
	GlobalSection(ProjectConfigurationPlatforms) = postSolution
		{D9C7B0F7-1E85-4506-8EE9-E302D86913A6}.Debug|Any CPU.ActiveCfg = Debug|Any CPU
		{D9C7B0F7-1E85-4506-8EE9-E302D86913A6}.Debug|Any CPU.Build.0 = Debug|Any CPU
		{D9C7B0F7-1E85-4506-8EE9-E302D86913A6}.Release|Any CPU.ActiveCfg = Release|Any CPU
		{D9C7B0F7-1E85-4506-8EE9-E302D86913A6}.Release|Any CPU.Build.0 = Release|Any CPU
		{B36C324C-01B9-4677-BBBC-3236EC614FD9}.Debug|Any CPU.ActiveCfg = Debug|Any CPU
		{B36C324C-01B9-4677-BBBC-3236EC614FD9}.Debug|Any CPU.Build.0 = Debug|Any CPU
		{B36C324C-01B9-4677-BBBC-3236EC614FD9}.Release|Any CPU.ActiveCfg = Release|Any CPU
		{B36C324C-01B9-4677-BBBC-3236EC614FD9}.Release|Any CPU.Build.0 = Release|Any CPU
		{43BEE8B6-6387-4E2C-8056-A1E407FEB44A}.Debug|Any CPU.ActiveCfg = Debug|Any CPU
		{43BEE8B6-6387-4E2C-8056-A1E407FEB44A}.Debug|Any CPU.Build.0 = Debug|Any CPU
		{43BEE8B6-6387-4E2C-8056-A1E407FEB44A}.Release|Any CPU.ActiveCfg = Release|Any CPU
		{43BEE8B6-6387-4E2C-8056-A1E407FEB44A}.Release|Any CPU.Build.0 = Release|Any CPU
	EndGlobalSection
	GlobalSection(SolutionProperties) = preSolution
		HideSolutionNode = FALSE
	EndGlobalSection
	GlobalSection(ExtensibilityGlobals) = postSolution
		SolutionGuid = {FAEF5E7C-EA0C-4084-B4CC-3C42F939FA41}
	EndGlobalSection
EndGlobal
